
Microsoft Visual Studio Solution File, Format Version 12.00
# Visual Studio Version 17
VisualStudioVersion = 17.3.32929.385
MinimumVisualStudioVersion = 10.0.40219.1
Project("{9A19103F-16F7-4668-BE54-9A1E7A4F7556}") = "Task_9_1_PM01_N3", "Task_9_1_PM01_N3\Task_9_1_PM01_N3.csproj", "{E55D849D-ED84-400E-9855-A5104748D53A}"
EndProject
Project("{FAE04EC0-301F-11D3-BF4B-00C04F79EFBC}") = "Task_9_2_PM01_N3", "Task_9_2_PM01_N3\Task_9_2_PM01_N3.csproj", "{F2858F2F-D962-45E4-AB7B-4415C712F471}"
EndProject
Global
	GlobalSection(SolutionConfigurationPlatforms) = preSolution
		Debug|Any CPU = Debug|Any CPU
		Release|Any CPU = Release|Any CPU
	EndGlobalSection
	GlobalSection(ProjectConfigurationPlatforms) = postSolution
		{E55D849D-ED84-400E-9855-A5104748D53A}.Debug|Any CPU.ActiveCfg = Debug|Any CPU
		{E55D849D-ED84-400E-9855-A5104748D53A}.Debug|Any CPU.Build.0 = Debug|Any CPU
		{E55D849D-ED84-400E-9855-A5104748D53A}.Release|Any CPU.ActiveCfg = Release|Any CPU
		{E55D849D-ED84-400E-9855-A5104748D53A}.Release|Any CPU.Build.0 = Release|Any CPU
		{F2858F2F-D962-45E4-AB7B-4415C712F471}.Debug|Any CPU.ActiveCfg = Debug|Any CPU
		{F2858F2F-D962-45E4-AB7B-4415C712F471}.Debug|Any CPU.Build.0 = Debug|Any CPU
		{F2858F2F-D962-45E4-AB7B-4415C712F471}.Release|Any CPU.ActiveCfg = Release|Any CPU
		{F2858F2F-D962-45E4-AB7B-4415C712F471}.Release|Any CPU.Build.0 = Release|Any CPU
	EndGlobalSection
	GlobalSection(SolutionProperties) = preSolution
		HideSolutionNode = FALSE
	EndGlobalSection
	GlobalSection(ExtensibilityGlobals) = postSolution
		SolutionGuid = {5E3DB231-7D1B-4D9B-A3C7-7ADA0F1E8125}
	EndGlobalSection
EndGlobal
